<?xml version="1.0" encoding="UTF-8" standalone="yes" ?>
<CodeBlocks_project_file>
	<FileVersion major="1" minor="6" />
	<Project>
		<Option title="Game" />
		<Option pch_mode="2" />
		<Option compiler="gcc" />
		<Build>
			<Target title="Debug">
				<Option output="bin/Game" prefix_auto="1" extension_auto="1" />
				<Option object_output="obj/" />
				<Option type="1" />
				<Option compiler="gcc" />
				<Compiler>
					<Add option="-g" />
					<Add directory="src" />
					<Add directory="Engine" />
					<Add directory="include" />
					<Add directory="include/DrawingItems" />
				</Compiler>
			</Target>
			<Target title="Release">
				<Option output="bin/Game" prefix_auto="1" extension_auto="1" />
				<Option object_output="obj/" />
				<Option type="1" />
				<Option compiler="gcc" />
				<Compiler>
					<Add option="-O2" />
					<Add directory="src" />
					<Add directory="Engine" />
					<Add directory="include" />
					<Add directory="include/DrawingItems" />
				</Compiler>
				<Linker>
					<Add option="-s" />
				</Linker>
			</Target>
		</Build>
		<Compiler>
			<Add option="-Wall" />
			<Add option="-std=c++11" />
			<Add option="-fexceptions" />
			<Add directory="../../lib/SDL2_image-2.0.0/i686-w64-mingw32/include/SDL2" />
			<Add directory="../../lib/SDL2-2.0.3/i686-w64-mingw32/include/SDL2" />
			<Add directory="../Engine/include" />
		</Compiler>
		<Linker>
			<Add option="-lSDL2" />
			<Add option="-lSDL2main" />
			<Add option="-lSDL2_image" />
			<Add option="-lEngine" />
			<Add directory="../../lib/SDL2_image-2.0.0/i686-w64-mingw32/lib" />
			<Add directory="../../lib/SDL2-2.0.3/i686-w64-mingw32/lib" />
			<Add directory="../Engine/bin" />
		</Linker>
		<Unit filename="include/DrawingItems/ItemDrawing.hpp" />
		<Unit filename="main.cpp" />
		<Unit filename="src/DrawingItems/ItemDrawing.cpp" />
		<Extensions>
			<code_completion />
			<envvars />
			<debugger />
		</Extensions>
	</Project>
</CodeBlocks_project_file>
